
Microsoft Visual Studio Solution File, Format Version 12.00
# Visual Studio Version 16
VisualStudioVersion = 16.0.31313.79
MinimumVisualStudioVersion = 10.0.40219.1
Project("{FAE04EC0-301F-11D3-BF4B-00C04F79EFBC}") = "ConsoleApp1", "ConsoleApp1.csproj", "{9C118F20-6221-4B80-BDA8-0855803FA87F}"
EndProject
Global
	GlobalSection(SolutionConfigurationPlatforms) = preSolution
		Debug|Any CPU = Debug|Any CPU
		Release|Any CPU = Release|Any CPU
	EndGlobalSection
	GlobalSection(ProjectConfigurationPlatforms) = postSolution
		{9C118F20-6221-4B80-BDA8-0855803FA87F}.Debug|Any CPU.ActiveCfg = Debug|Any CPU
		{9C118F20-6221-4B80-BDA8-0855803FA87F}.Debug|Any CPU.Build.0 = Debug|Any CPU
		{9C118F20-6221-4B80-BDA8-0855803FA87F}.Release|Any CPU.ActiveCfg = Release|Any CPU
		{9C118F20-6221-4B80-BDA8-0855803FA87F}.Release|Any CPU.Build.0 = Release|Any CPU
	EndGlobalSection
	GlobalSection(SolutionProperties) = preSolution
		HideSolutionNode = FALSE
	EndGlobalSection
	GlobalSection(ExtensibilityGlobals) = postSolution
		SolutionGuid = {74F02EA7-1B22-4792-8F60-1141BC175589}
	EndGlobalSection
EndGlobal
